# Every browser asset this build serves, pinned.
#
# Each is built and released by its own repository; `tools/assets/pins fetch` fetches them
# and refuses anything whose bytes do not hash to what is written here. The
# digest is the contract: it also pins what the asset mirror serves, so
# browsers load exactly what that repository released. Modules are at
# wasm/<sha256>/<module>; LaTeX is at latex/<sha256>/, a release directory
# whose MANIFEST.json hashes to that value (the latex row's sha256 is the
# sha256 of the release's MANIFEST.json).
#
# To move a pin: run `tools/assets/pins update wasm wasm-markdown vX.Y.Z` with an
# explicit repository and tag, then review the lockfile diff.
#
# module             repository          tag       sha256
markdown.wasm        wasm-markdown       v0.1.1    c701483e38f9da1691e752be48c8283119ec78598a296479a4da4986ecaf1114
bibliography.wasm    wasm-bibliography   v0.1.1    80b419d22478d829ae64eddebfca49766b7e8c87cfd5fd620fe7a11f089f7d59
citations.wasm       wasm-bibliography   v0.1.1    a5123aecdac6d3c4bdb80750347287f03969aaf201a8c86d89f8d9b7ba79691b
typst.wasm           wasm-typst          v0.3.1    ba8567264f8c785de3d3525ef9230369641fc912632e944102fee40eeadeab4d
latex                wasm-latex          engines-2026.09.30  f40a2c449981f0a7867a684672c70d857bdeb0ebb2db01f5f3c7c399480b6757
